
Microsoft Visual Studio Solution File, Format Version 12.00
# Visual Studio 14
VisualStudioVersion = 14.0.25420.1
MinimumVisualStudioVersion = 10.0.40219.1
Project("{FAE04EC0-301F-11D3-BF4B-00C04F79EFBC}") = "stud.data", "stud.data\stud.data.csproj", "{1A8E3B1E-8405-4BA3-99D7-BE8E1CC7906F}"
EndProject
Project("{FAE04EC0-301F-11D3-BF4B-00C04F79EFBC}") = "stud.console", "stud.console\stud.console.csproj", "{559EBD67-DD72-4939-86D5-50B526992600}"
EndProject
Project("{FAE04EC0-301F-11D3-BF4B-00C04F79EFBC}") = "stud.webapi", "stud.webapi\stud.webapi.csproj", "{E783AB0D-8195-4422-850E-926FEAD33796}"
EndProject
Global
	GlobalSection(SolutionConfigurationPlatforms) = preSolution
		Debug|Any CPU = Debug|Any CPU
		Release|Any CPU = Release|Any CPU
	EndGlobalSection
	GlobalSection(ProjectConfigurationPlatforms) = postSolution
		{1A8E3B1E-8405-4BA3-99D7-BE8E1CC7906F}.Debug|Any CPU.ActiveCfg = Debug|Any CPU
		{1A8E3B1E-8405-4BA3-99D7-BE8E1CC7906F}.Debug|Any CPU.Build.0 = Debug|Any CPU
		{1A8E3B1E-8405-4BA3-99D7-BE8E1CC7906F}.Release|Any CPU.ActiveCfg = Release|Any CPU
		{1A8E3B1E-8405-4BA3-99D7-BE8E1CC7906F}.Release|Any CPU.Build.0 = Release|Any CPU
		{559EBD67-DD72-4939-86D5-50B526992600}.Debug|Any CPU.ActiveCfg = Debug|Any CPU
		{559EBD67-DD72-4939-86D5-50B526992600}.Debug|Any CPU.Build.0 = Debug|Any CPU
		{559EBD67-DD72-4939-86D5-50B526992600}.Release|Any CPU.ActiveCfg = Release|Any CPU
		{559EBD67-DD72-4939-86D5-50B526992600}.Release|Any CPU.Build.0 = Release|Any CPU
		{E783AB0D-8195-4422-850E-926FEAD33796}.Debug|Any CPU.ActiveCfg = Debug|Any CPU
		{E783AB0D-8195-4422-850E-926FEAD33796}.Debug|Any CPU.Build.0 = Debug|Any CPU
		{E783AB0D-8195-4422-850E-926FEAD33796}.Release|Any CPU.ActiveCfg = Release|Any CPU
		{E783AB0D-8195-4422-850E-926FEAD33796}.Release|Any CPU.Build.0 = Release|Any CPU
	EndGlobalSection
	GlobalSection(SolutionProperties) = preSolution
		HideSolutionNode = FALSE
	EndGlobalSection
EndGlobal
